// !$*UTF8*$!
{
	archiveVersion = 1;
	classes = {
	};
	objectVersion = 46;
	objects = {

/* Begin PBXBuildFile section */
		5652CAF21DCB34B7007CA63A /* AppDelegate.swift in Sources */ = {isa = PBXBuildFile; fileRef = 5652CAF11DCB34B7007CA63A /* AppDelegate.swift */; };
		5652CAF41DCB34B7007CA63A /* ViewController.swift in Sources */ = {isa = PBXBuildFile; fileRef = 5652CAF31DCB34B7007CA63A /* ViewController.swift */; };
		5652CAF71DCB34B7007CA63A /* Main.storyboard in Resources */ = {isa = PBXBuildFile; fileRef = 5652CAF51DCB34B7007CA63A /* Main.storyboard */; };
		5652CAF91DCB34B7007CA63A /* Assets.xcassets in Resources */ = {isa = PBXBuildFile; fileRef = 5652CAF81DCB34B7007CA63A /* Assets.xcassets */; };
		5652CAFC1DCB34B7007CA63A /* LaunchScreen.storyboard in Resources */ = {isa = PBXBuildFile; fileRef = 5652CAFA1DCB34B7007CA63A /* LaunchScreen.storyboard */; };
/* End PBXBuildFile section */

/* Begin PBXFileReference section */
		5652CAEE1DCB34B7007CA63A /* Hellosheetsu.app */ = {isa = PBXFileReference; explicitFileType = wrapper.application; includeInIndex = 0; path = Hellosheetsu.app; sourceTree = BUILT_PRODUCTS_DIR; };
		5652CAF11DCB34B7007CA63A /* AppDelegate.swift */ = {isa = PBXFileReference; lastKnownFileType = sourcecode.swift; path = AppDelegate.swift; sourceTree = "<group>"; };
		5652CAF31DCB34B7007CA63A /* ViewController.swift */ = {isa = PBXFileReference; lastKnownFileType = sourcecode.swift; path = ViewController.swift; sourceTree = "<group>"; };
		5652CAF61DCB34B7007CA63A /* Base */ = {isa = PBXFileReference; lastKnownFileType = file.storyboard; name = Base; path = Base.lproj/Main.storyboard; sourceTree = "<group>"; };
		5652CAF81DCB34B7007CA63A /* Assets.xcassets */ = {isa = PBXFileReference; lastKnownFileType = folder.assetcatalog; path = Assets.xcassets; sourceTree = "<group>"; };
		5652CAFB1DCB34B7007CA63A /* Base */ = {isa = PBXFileReference; lastKnownFileType = file.storyboard; name = Base; path = Base.lproj/LaunchScreen.storyboard; sourceTree = "<group>"; };
		5652CAFD1DCB34B7007CA63A /* Info.plist */ = {isa = PBXFileReference; lastKnownFileType = text.plist.xml; path = Info.plist; sourceTree = "<group>"; };
/* End PBXFileReference section */

/* Begin PBXFrameworksBuildPhase section */
		5652CAEB1DCB34B7007CA63A /* Frameworks */ = {
			isa = PBXFrameworksBuildPhase;
			buildActionMask = 2147483647;
			files = (
			);
			runOnlyForDeploymentPostprocessing = 0;
		};
/* End PBXFrameworksBuildPhase section */

/* Begin PBXGroup section */
		5652CAE51DCB34B7007CA63A = {
			isa = PBXGroup;
			children = (
				5652CAF01DCB34B7007CA63A /* Hellosheetsu */,
				5652CAEF1DCB34B7007CA63A /* Products */,
			);
			sourceTree = "<group>";
		};
		5652CAEF1DCB34B7007CA63A /* Products */ = {
			isa = PBXGroup;
			children = (
				5652CAEE1DCB34B7007CA63A /* Hellosheetsu.app */,
			);
			name = Products;
			sourceTree = "<group>";
		};
		5652CAF01DCB34B7007CA63A /* Hellosheetsu */ = {
			isa = PBXGroup;
			children = (
				5652CAF11DCB34B7007CA63A /* AppDelegate.swift */,
				5652CAF31DCB34B7007CA63A /* ViewController.swift */,
				5652CAF51DCB34B7007CA63A /* Main.storyboard */,
				5652CAF81DCB34B7007CA63A /* Assets.xcassets */,
				5652CAFA1DCB34B7007CA63A /* LaunchScreen.storyboard */,
				5652CAFD1DCB34B7007CA63A /* Info.plist */,
			);
			path = Hellosheetsu;
			sourceTree = "<group>";
		};
/* End PBXGroup section */

/* Begin PBXNativeTarget section */
		5652CAED1DCB34B7007CA63A /* Hellosheetsu */ = {
			isa = PBXNativeTarget;
			buildConfigurationList = 5652CB001DCB34B7007CA63A /* Build configuration list for PBXNativeTarget "Hellosheetsu" */;
			buildPhases = (
				5652CAEA1DCB34B7007CA63A /* Sources */,
				5652CAEB1DCB34B7007CA63A /* Frameworks */,
				5652CAEC1DCB34B7007CA63A /* Resources */,
			);
			buildRules = (
			);
			dependencies = (
			);
			name = Hellosheetsu;
			productName = Hellosheetsu;
			productReference = 5652CAEE1DCB34B7007CA63A /* Hellosheetsu.app */;
			productType = "com.apple.product-type.application";
		};
/* End PBXNativeTarget section */

/* Begin PBXProject section */
		5652CAE61DCB34B7007CA63A /* Project object */ = {
			isa = PBXProject;
			attributes = {
				LastSwiftUpdateCheck = 0810;
				LastUpgradeCheck = 0810;
				ORGANIZATIONNAME = "洪德晟";
				TargetAttributes = {
					5652CAED1DCB34B7007CA63A = {
						CreatedOnToolsVersion = 8.1;
						DevelopmentTeam = 8H7X36TF25;
						ProvisioningStyle = Automatic;
					};
				};
			};
			buildConfigurationList = 5652CAE91DCB34B7007CA63A /* Build configuration list for PBXProject "Hellosheetsu" */;
			compatibilityVersion = "Xcode 3.2";
			developmentRegion = English;
			hasScannedForEncodings = 0;
			knownRegions = (
				en,
				Base,
			);
			mainGroup = 5652CAE51DCB34B7007CA63A;
			productRefGroup = 5652CAEF1DCB34B7007CA63A /* Products */;
			projectDirPath = "";
			projectRoot = "";
			targets = (
				5652CAED1DCB34B7007CA63A /* Hellosheetsu */,
			);
		};
/* End PBXProject section */

/* Begin PBXResourcesBuildPhase section */
		5652CAEC1DCB34B7007CA63A /* Resources */ = {
			isa = PBXResourcesBuildPhase;
			buildActionMask = 2147483647;
			files = (
				5652CAFC1DCB34B7007CA63A /* LaunchScreen.storyboard in Resources */,
				5652CAF91DCB34B7007CA63A /* Assets.xcassets in Resources */,
				5652CAF71DCB34B7007CA63A /* Main.storyboard in Resources */,
			);
			runOnlyForDeploymentPostprocessing = 0;
		};
/* End PBXResourcesBuildPhase section */

/* Begin PBXSourcesBuildPhase section */
		5652CAEA1DCB34B7007CA63A /* Sources */ = {
			isa = PBXSourcesBuildPhase;
			buildActionMask = 2147483647;
			files = (
				5652CAF41DCB34B7007CA63A /* ViewController.swift in Sources */,
				5652CAF21DCB34B7007CA63A /* AppDelegate.swift in Sources */,
			);
			runOnlyForDeploymentPostprocessing = 0;
		};
/* End PBXSourcesBuildPhase section */

/* Begin PBXVariantGroup section */
		5652CAF51DCB34B7007CA63A /* Main.storyboard */ = {
			isa = PBXVariantGroup;
			children = (
				5652CAF61DCB34B7007CA63A /* Base */,
			);
			name = Main.storyboard;
			sourceTree = "<group>";
		};
		5652CAFA1DCB34B7007CA63A /* LaunchScreen.storyboard */ = {
			isa = PBXVariantGroup;
			children = (
				5652CAFB1DCB34B7007CA63A /* Base */,
			);
			name = LaunchScreen.storyboard;
			sourceTree = "<group>";
		};
/* End PBXVariantGroup section */

/* Begin XCBuildConfiguration section */
		5652CAFE1DCB34B7007CA63A /* Debug */ = {
			isa = XCBuildConfiguration;
			buildSettings = {
				ALWAYS_SEARCH_USER_PATHS = NO;
				CLANG_ANALYZER_NONNULL = YES;
				CLANG_CXX_LANGUAGE_STANDARD = "gnu++0x";
				CLANG_CXX_LIBRARY = "libc++";
				CLANG_ENABLE_MODULES = YES;
				CLANG_ENABLE_OBJC_ARC = YES;
				CLANG_WARN_BOOL_CONVERSION = YES;
				CLANG_WARN_CONSTANT_CONVERSION = YES;
				CLANG_WARN_DIRECT_OBJC_ISA_USAGE = YES_ERROR;
				CLANG_WARN_DOCUMENTATION_COMMENTS = YES;
				CLANG_WARN_EMPTY_BODY = YES;
				CLANG_WARN_ENUM_CONVERSION = YES;
				CLANG_WARN_INFINITE_RECURSION = YES;
				CLANG_WARN_INT_CONVERSION = YES;
				CLANG_WARN_OBJC_ROOT_CLASS = YES_ERROR;
				CLANG_WARN_SUSPICIOUS_MOVES = YES;
				CLANG_WARN_UNREACHABLE_CODE = YES;
				CLANG_WARN__DUPLICATE_METHOD_MATCH = YES;
				"CODE_SIGN_IDENTITY[sdk=iphoneos*]" = "iPhone Developer";
				COPY_PHASE_STRIP = NO;
				DEBUG_INFORMATION_FORMAT = dwarf;
				ENABLE_STRICT_OBJC_MSGSEND = YES;
				ENABLE_TESTABILITY = YES;
				GCC_C_LANGUAGE_STANDARD = gnu99;
				GCC_DYNAMIC_NO_PIC = NO;
				GCC_NO_COMMON_BLOCKS = YES;
				GCC_OPTIMIZATION_LEVEL = 0;
				GCC_PREPROCESSOR_DEFINITIONS = (
					"DEBUG=1",
					"$(inherited)",
				);
				GCC_WARN_64_TO_32_BIT_CONVERSION = YES;
				GCC_WARN_ABOUT_RETURN_TYPE = YES_ERROR;
				GCC_WARN_UNDECLARED_SELECTOR = YES;
				GCC_WARN_UNINITIALIZED_AUTOS = YES_AGGRESSIVE;
				GCC_WARN_UNUSED_FUNCTION = YES;
				GCC_WARN_UNUSED_VARIABLE = YES;
				IPHONEOS_DEPLOYMENT_TARGET = 10.1;
				MTL_ENABLE_DEBUG_INFO = YES;
				ONLY_ACTIVE_ARCH = YES;
				SDKROOT = iphoneos;
				SWIFT_ACTIVE_COMPILATION_CONDITIONS = DEBUG;
				SWIFT_OPTIMIZATION_LEVEL = "-Onone";
				TARGETED_DEVICE_FAMILY = "1,2";
			};
			name = Debug;
		};
		5652CAFF1DCB34B7007CA63A /* Release */ = {
			isa = XCBuildConfiguration;
			buildSettings = {
				ALWAYS_SEARCH_USER_PATHS = NO;
				CLANG_ANALYZER_NONNULL = YES;
				CLANG_CXX_LANGUAGE_STANDARD = "gnu++0x";
				CLANG_CXX_LIBRARY = "libc++";
				CLANG_ENABLE_MODULES = YES;
				CLANG_ENABLE_OBJC_ARC = YES;
				CLANG_WARN_BOOL_CONVERSION = YES;
				CLANG_WARN_CONSTANT_CONVERSION = YES;
				CLANG_WARN_DIRECT_OBJC_ISA_USAGE = YES_ERROR;
				CLANG_WARN_DOCUMENTATION_COMMENTS = YES;
				CLANG_WARN_EMPTY_BODY = YES;
				CLANG_WARN_ENUM_CONVERSION = YES;
				CLANG_WARN_INFINITE_RECURSION = YES;
				CLANG_WARN_INT_CONVERSION = YES;
				CLANG_WARN_OBJC_ROOT_CLASS = YES_ERROR;
				CLANG_WARN_SUSPICIOUS_MOVES = YES;
				CLANG_WARN_UNREACHABLE_CODE = YES;
				CLANG_WARN__DUPLICATE_METHOD_MATCH = YES;
				"CODE_SIGN_IDENTITY[sdk=iphoneos*]" = "iPhone Developer";
				COPY_PHASE_STRIP = NO;
				DEBUG_INFORMATION_FORMAT = "dwarf-with-dsym";
				ENABLE_NS_ASSERTIONS = NO;
				ENABLE_STRICT_OBJC_MSGSEND = YES;
				GCC_C_LANGUAGE_STANDARD = gnu99;
				GCC_NO_COMMON_BLOCKS = YES;
				GCC_WARN_64_TO_32_BIT_CONVERSION = YES;
				GCC_WARN_ABOUT_RETURN_TYPE = YES_ERROR;
				GCC_WARN_UNDECLARED_SELECTOR = YES;
				GCC_WARN_UNINITIALIZED_AUTOS = YES_AGGRESSIVE;
				GCC_WARN_UNUSED_FUNCTION = YES;
				GCC_WARN_UNUSED_VARIABLE = YES;
				IPHONEOS_DEPLOYMENT_TARGET = 10.1;
				MTL_ENABLE_DEBUG_INFO = NO;
				SDKROOT = iphoneos;
				SWIFT_OPTIMIZATION_LEVEL = "-Owholemodule";
				TARGETED_DEVICE_FAMILY = "1,2";
				VALIDATE_PRODUCT = YES;
			};
			name = Release;
		};
		5652CB011DCB34B7007CA63A /* Debug */ = {
			isa = XCBuildConfiguration;
			buildSettings = {
				ASSETCATALOG_COMPILER_APPICON_NAME = AppIcon;
				DEVELOPMENT_TEAM = 8H7X36TF25;
				INFOPLIST_FILE = Hellosheetsu/Info.plist;
				LD_RUNPATH_SEARCH_PATHS = "$(inherited) @executable_path/Frameworks";
				PRODUCT_BUNDLE_IDENTIFIER = co.ALPHAcamp.Hellosheetsu;
				PRODUCT_NAME = "$(TARGET_NAME)";
				SWIFT_VERSION = 3.0;
			};
			name = Debug;
		};
		5652CB021DCB34B7007CA63A /* Release */ = {
			isa = XCBuildConfiguration;
			buildSettings = {
				ASSETCATALOG_COMPILER_APPICON_NAME = AppIcon;
				DEVELOPMENT_TEAM = 8H7X36TF25;
				INFOPLIST_FILE = Hellosheetsu/Info.plist;
				LD_RUNPATH_SEARCH_PATHS = "$(inherited) @executable_path/Frameworks";
				PRODUCT_BUNDLE_IDENTIFIER = co.ALPHAcamp.Hellosheetsu;
				PRODUCT_NAME = "$(TARGET_NAME)";
				SWIFT_VERSION = 3.0;
			};
			name = Release;
		};
/* End XCBuildConfiguration section */

/* Begin XCConfigurationList section */
		5652CAE91DCB34B7007CA63A /* Build configuration list for PBXProject "Hellosheetsu" */ = {
			isa = XCConfigurationList;
			buildConfigurations = (
				5652CAFE1DCB34B7007CA63A /* Debug */,
				5652CAFF1DCB34B7007CA63A /* Release */,
			);
			defaultConfigurationIsVisible = 0;
			defaultConfigurationName = Release;
		};
		5652CB001DCB34B7007CA63A /* Build configuration list for PBXNativeTarget "Hellosheetsu" */ = {
			isa = XCConfigurationList;
			buildConfigurations = (
				5652CB011DCB34B7007CA63A /* Debug */,
				5652CB021DCB34B7007CA63A /* Release */,
			);
			defaultConfigurationIsVisible = 0;
		};
/* End XCConfigurationList section */
	};
	rootObject = 5652CAE61DCB34B7007CA63A /* Project object */;
}
